// !$*UTF8*$!
{
	archiveVersion = 1;
	classes = {
	};
	objectVersion = 51;
	objects = {

/* Begin PBXBuildFile section */
		3AE8A178286AC45DE34A7265 /* Pods_Realm_Lesson_7.framework in Frameworks */ = {isa = PBXBuildFile; fileRef = 4139B9BBA8A7AD6845552EA4 /* Pods_Realm_Lesson_7.framework */; };
		D358F4E326A1EDBF00B7A977 /* AppDelegate.swift in Sources */ = {isa = PBXBuildFile; fileRef = D358F4E226A1EDBF00B7A977 /* AppDelegate.swift */; };
		D358F4E526A1EDBF00B7A977 /* SceneDelegate.swift in Sources */ = {isa = PBXBuildFile; fileRef = D358F4E426A1EDBF00B7A977 /* SceneDelegate.swift */; };
		D358F4E726A1EDBF00B7A977 /* ViewController.swift in Sources */ = {isa = PBXBuildFile; fileRef = D358F4E626A1EDBF00B7A977 /* ViewController.swift */; };
		D358F4EA26A1EDBF00B7A977 /* Main.storyboard in Resources */ = {isa = PBXBuildFile; fileRef = D358F4E826A1EDBF00B7A977 /* Main.storyboard */; };
		D358F4EC26A1EDC200B7A977 /* Assets.xcassets in Resources */ = {isa = PBXBuildFile; fileRef = D358F4EB26A1EDC200B7A977 /* Assets.xcassets */; };
		D358F4EF26A1EDC200B7A977 /* LaunchScreen.storyboard in Resources */ = {isa = PBXBuildFile; fileRef = D358F4ED26A1EDC200B7A977 /* LaunchScreen.storyboard */; };
		D358F4FC26A1F16700B7A977 /* Podfile in Resources */ = {isa = PBXBuildFile; fileRef = D358F4FB26A1F16700B7A977 /* Podfile */; };
		D358F4FE26A1F24800B7A977 /* CityRealm.swift in Sources */ = {isa = PBXBuildFile; fileRef = D358F4FD26A1F24800B7A977 /* CityRealm.swift */; };
/* End PBXBuildFile section */

/* Begin PBXFileReference section */
		4139B9BBA8A7AD6845552EA4 /* Pods_Realm_Lesson_7.framework */ = {isa = PBXFileReference; explicitFileType = wrapper.framework; includeInIndex = 0; path = Pods_Realm_Lesson_7.framework; sourceTree = BUILT_PRODUCTS_DIR; };
		42E55323CE2B625845E3F913 /* Pods-Realm Lesson 7.debug.xcconfig */ = {isa = PBXFileReference; includeInIndex = 1; lastKnownFileType = text.xcconfig; name = "Pods-Realm Lesson 7.debug.xcconfig"; path = "Target Support Files/Pods-Realm Lesson 7/Pods-Realm Lesson 7.debug.xcconfig"; sourceTree = "<group>"; };
		73B788F03700078D9639C21F /* Pods-Realm Lesson 8.debug.xcconfig */ = {isa = PBXFileReference; includeInIndex = 1; lastKnownFileType = text.xcconfig; name = "Pods-Realm Lesson 8.debug.xcconfig"; path = "Target Support Files/Pods-Realm Lesson 8/Pods-Realm Lesson 8.debug.xcconfig"; sourceTree = "<group>"; };
		9D20CCC4F86A1BD967CE145F /* Pods-Realm Lesson 7.release.xcconfig */ = {isa = PBXFileReference; includeInIndex = 1; lastKnownFileType = text.xcconfig; name = "Pods-Realm Lesson 7.release.xcconfig"; path = "Target Support Files/Pods-Realm Lesson 7/Pods-Realm Lesson 7.release.xcconfig"; sourceTree = "<group>"; };
		D358F4DF26A1EDBF00B7A977 /* Realm Lesson 7.app */ = {isa = PBXFileReference; explicitFileType = wrapper.application; includeInIndex = 0; path = "Realm Lesson 7.app"; sourceTree = BUILT_PRODUCTS_DIR; };
		D358F4E226A1EDBF00B7A977 /* AppDelegate.swift */ = {isa = PBXFileReference; lastKnownFileType = sourcecode.swift; path = AppDelegate.swift; sourceTree = "<group>"; };
		D358F4E426A1EDBF00B7A977 /* SceneDelegate.swift */ = {isa = PBXFileReference; lastKnownFileType = sourcecode.swift; path = SceneDelegate.swift; sourceTree = "<group>"; };
		D358F4E626A1EDBF00B7A977 /* ViewController.swift */ = {isa = PBXFileReference; lastKnownFileType = sourcecode.swift; path = ViewController.swift; sourceTree = "<group>"; };
		D358F4E926A1EDBF00B7A977 /* Base */ = {isa = PBXFileReference; lastKnownFileType = file.storyboard; name = Base; path = Base.lproj/Main.storyboard; sourceTree = "<group>"; };
		D358F4EB26A1EDC200B7A977 /* Assets.xcassets */ = {isa = PBXFileReference; lastKnownFileType = folder.assetcatalog; path = Assets.xcassets; sourceTree = "<group>"; };
		D358F4EE26A1EDC200B7A977 /* Base */ = {isa = PBXFileReference; lastKnownFileType = file.storyboard; name = Base; path = Base.lproj/LaunchScreen.storyboard; sourceTree = "<group>"; };
		D358F4F026A1EDC200B7A977 /* Info.plist */ = {isa = PBXFileReference; lastKnownFileType = text.plist.xml; path = Info.plist; sourceTree = "<group>"; };
		D358F4FB26A1F16700B7A977 /* Podfile */ = {isa = PBXFileReference; fileEncoding = 4; lastKnownFileType = text; path = Podfile; sourceTree = "<group>"; xcLanguageSpecificationIdentifier = xcode.lang.ruby; };
		D358F4FD26A1F24800B7A977 /* CityRealm.swift */ = {isa = PBXFileReference; lastKnownFileType = sourcecode.swift; path = CityRealm.swift; sourceTree = "<group>"; };
		E98CBAD4FF6854E90FE06F2D /* Pods-Realm Lesson 8.release.xcconfig */ = {isa = PBXFileReference; includeInIndex = 1; lastKnownFileType = text.xcconfig; name = "Pods-Realm Lesson 8.release.xcconfig"; path = "Target Support Files/Pods-Realm Lesson 8/Pods-Realm Lesson 8.release.xcconfig"; sourceTree = "<group>"; };
/* End PBXFileReference section */

/* Begin PBXFrameworksBuildPhase section */
		D358F4DC26A1EDBF00B7A977 /* Frameworks */ = {
			isa = PBXFrameworksBuildPhase;
			buildActionMask = 2147483647;
			files = (
				3AE8A178286AC45DE34A7265 /* Pods_Realm_Lesson_7.framework in Frameworks */,
			);
			runOnlyForDeploymentPostprocessing = 0;
		};
/* End PBXFrameworksBuildPhase section */

/* Begin PBXGroup section */
		02B9066755A945A38AB0CA72 /* Frameworks */ = {
			isa = PBXGroup;
			children = (
				4139B9BBA8A7AD6845552EA4 /* Pods_Realm_Lesson_7.framework */,
			);
			name = Frameworks;
			sourceTree = "<group>";
		};
		BD7A30F92DF8B960A6545D4C /* Pods */ = {
			isa = PBXGroup;
			children = (
				73B788F03700078D9639C21F /* Pods-Realm Lesson 8.debug.xcconfig */,
				E98CBAD4FF6854E90FE06F2D /* Pods-Realm Lesson 8.release.xcconfig */,
				42E55323CE2B625845E3F913 /* Pods-Realm Lesson 7.debug.xcconfig */,
				9D20CCC4F86A1BD967CE145F /* Pods-Realm Lesson 7.release.xcconfig */,
			);
			path = Pods;
			sourceTree = "<group>";
		};
		D358F4D626A1EDBF00B7A977 = {
			isa = PBXGroup;
			children = (
				D358F4FB26A1F16700B7A977 /* Podfile */,
				D358F4E126A1EDBF00B7A977 /* Realm Lesson 7 */,
				D358F4E026A1EDBF00B7A977 /* Products */,
				BD7A30F92DF8B960A6545D4C /* Pods */,
				02B9066755A945A38AB0CA72 /* Frameworks */,
			);
			sourceTree = "<group>";
		};
		D358F4E026A1EDBF00B7A977 /* Products */ = {
			isa = PBXGroup;
			children = (
				D358F4DF26A1EDBF00B7A977 /* Realm Lesson 7.app */,
			);
			name = Products;
			sourceTree = "<group>";
		};
		D358F4E126A1EDBF00B7A977 /* Realm Lesson 7 */ = {
			isa = PBXGroup;
			children = (
				D358F4F626A1EE2400B7A977 /* Native files */,
				D358F4E626A1EDBF00B7A977 /* ViewController.swift */,
				D358F4E826A1EDBF00B7A977 /* Main.storyboard */,
				D358F4FD26A1F24800B7A977 /* CityRealm.swift */,
			);
			path = "Realm Lesson 7";
			sourceTree = "<group>";
		};
		D358F4F626A1EE2400B7A977 /* Native files */ = {
			isa = PBXGroup;
			children = (
				D358F4E226A1EDBF00B7A977 /* AppDelegate.swift */,
				D358F4E426A1EDBF00B7A977 /* SceneDelegate.swift */,
				D358F4EB26A1EDC200B7A977 /* Assets.xcassets */,
				D358F4ED26A1EDC200B7A977 /* LaunchScreen.storyboard */,
				D358F4F026A1EDC200B7A977 /* Info.plist */,
			);
			path = "Native files";
			sourceTree = "<group>";
		};
/* End PBXGroup section */

/* Begin PBXNativeTarget section */
		D358F4DE26A1EDBF00B7A977 /* Realm Lesson 7 */ = {
			isa = PBXNativeTarget;
			buildConfigurationList = D358F4F326A1EDC200B7A977 /* Build configuration list for PBXNativeTarget "Realm Lesson 7" */;
			buildPhases = (
				EA2417E6DF4E9F699B40BBF9 /* [CP] Check Pods Manifest.lock */,
				D358F4DB26A1EDBF00B7A977 /* Sources */,
				D358F4DC26A1EDBF00B7A977 /* Frameworks */,
				D358F4DD26A1EDBF00B7A977 /* Resources */,
				B4E3A375DF06D212B717F156 /* [CP] Embed Pods Frameworks */,
			);
			buildRules = (
			);
			dependencies = (
			);
			name = "Realm Lesson 7";
			productName = "Realm Lesson 8";
			productReference = D358F4DF26A1EDBF00B7A977 /* Realm Lesson 7.app */;
			productType = "com.apple.product-type.application";
		};
/* End PBXNativeTarget section */

/* Begin PBXProject section */
		D358F4D726A1EDBF00B7A977 /* Project object */ = {
			isa = PBXProject;
			attributes = {
				LastSwiftUpdateCheck = 1250;
				LastUpgradeCheck = 1250;
				TargetAttributes = {
					D358F4DE26A1EDBF00B7A977 = {
						CreatedOnToolsVersion = 12.5.1;
					};
				};
			};
			buildConfigurationList = D358F4DA26A1EDBF00B7A977 /* Build configuration list for PBXProject "Realm Lesson 7" */;
			compatibilityVersion = "Xcode 9.3";
			developmentRegion = en;
			hasScannedForEncodings = 0;
			knownRegions = (
				en,
				Base,
			);
			mainGroup = D358F4D626A1EDBF00B7A977;
			productRefGroup = D358F4E026A1EDBF00B7A977 /* Products */;
			projectDirPath = "";
			projectRoot = "";
			targets = (
				D358F4DE26A1EDBF00B7A977 /* Realm Lesson 7 */,
			);
		};
/* End PBXProject section */

/* Begin PBXResourcesBuildPhase section */
		D358F4DD26A1EDBF00B7A977 /* Resources */ = {
			isa = PBXResourcesBuildPhase;
			buildActionMask = 2147483647;
			files = (
				D358F4EF26A1EDC200B7A977 /* LaunchScreen.storyboard in Resources */,
				D358F4EC26A1EDC200B7A977 /* Assets.xcassets in Resources */,
				D358F4FC26A1F16700B7A977 /* Podfile in Resources */,
				D358F4EA26A1EDBF00B7A977 /* Main.storyboard in Resources */,
			);
			runOnlyForDeploymentPostprocessing = 0;
		};
/* End PBXResourcesBuildPhase section */

/* Begin PBXShellScriptBuildPhase section */
		B4E3A375DF06D212B717F156 /* [CP] Embed Pods Frameworks */ = {
			isa = PBXShellScriptBuildPhase;
			buildActionMask = 2147483647;
			files = (
			);
			inputFileListPaths = (
				"${PODS_ROOT}/Target Support Files/Pods-Realm Lesson 7/Pods-Realm Lesson 7-frameworks-${CONFIGURATION}-input-files.xcfilelist",
			);
			name = "[CP] Embed Pods Frameworks";
			outputFileListPaths = (
				"${PODS_ROOT}/Target Support Files/Pods-Realm Lesson 7/Pods-Realm Lesson 7-frameworks-${CONFIGURATION}-output-files.xcfilelist",
			);
			runOnlyForDeploymentPostprocessing = 0;
			shellPath = /bin/sh;
			shellScript = "\"${PODS_ROOT}/Target Support Files/Pods-Realm Lesson 7/Pods-Realm Lesson 7-frameworks.sh\"\n";
			showEnvVarsInLog = 0;
		};
		EA2417E6DF4E9F699B40BBF9 /* [CP] Check Pods Manifest.lock */ = {
			isa = PBXShellScriptBuildPhase;
			buildActionMask = 2147483647;
			files = (
			);
			inputFileListPaths = (
			);
			inputPaths = (
				"${PODS_PODFILE_DIR_PATH}/Podfile.lock",
				"${PODS_ROOT}/Manifest.lock",
			);
			name = "[CP] Check Pods Manifest.lock";
			outputFileListPaths = (
			);
			outputPaths = (
				"$(DERIVED_FILE_DIR)/Pods-Realm Lesson 7-checkManifestLockResult.txt",
			);
			runOnlyForDeploymentPostprocessing = 0;
			shellPath = /bin/sh;
			shellScript = "diff \"${PODS_PODFILE_DIR_PATH}/Podfile.lock\" \"${PODS_ROOT}/Manifest.lock\" > /dev/null\nif [ $? != 0 ] ; then\n    # print error to STDERR\n    echo \"error: The sandbox is not in sync with the Podfile.lock. Run 'pod install' or update your CocoaPods installation.\" >&2\n    exit 1\nfi\n# This output is used by Xcode 'outputs' to avoid re-running this script phase.\necho \"SUCCESS\" > \"${SCRIPT_OUTPUT_FILE_0}\"\n";
			showEnvVarsInLog = 0;
		};
/* End PBXShellScriptBuildPhase section */

/* Begin PBXSourcesBuildPhase section */
		D358F4DB26A1EDBF00B7A977 /* Sources */ = {
			isa = PBXSourcesBuildPhase;
			buildActionMask = 2147483647;
			files = (
				D358F4FE26A1F24800B7A977 /* CityRealm.swift in Sources */,
				D358F4E726A1EDBF00B7A977 /* ViewController.swift in Sources */,
				D358F4E326A1EDBF00B7A977 /* AppDelegate.swift in Sources */,
				D358F4E526A1EDBF00B7A977 /* SceneDelegate.swift in Sources */,
			);
			runOnlyForDeploymentPostprocessing = 0;
		};
/* End PBXSourcesBuildPhase section */

/* Begin PBXVariantGroup section */
		D358F4E826A1EDBF00B7A977 /* Main.storyboard */ = {
			isa = PBXVariantGroup;
			children = (
				D358F4E926A1EDBF00B7A977 /* Base */,
			);
			name = Main.storyboard;
			sourceTree = "<group>";
		};
		D358F4ED26A1EDC200B7A977 /* LaunchScreen.storyboard */ = {
			isa = PBXVariantGroup;
			children = (
				D358F4EE26A1EDC200B7A977 /* Base */,
			);
			name = LaunchScreen.storyboard;
			sourceTree = "<group>";
		};
/* End PBXVariantGroup section */

/* Begin XCBuildConfiguration section */
		D358F4F126A1EDC200B7A977 /* Debug */ = {
			isa = XCBuildConfiguration;
			buildSettings = {
				ALWAYS_SEARCH_USER_PATHS = NO;
				CLANG_ANALYZER_NONNULL = YES;
				CLANG_ANALYZER_NUMBER_OBJECT_CONVERSION = YES_AGGRESSIVE;
				CLANG_CXX_LANGUAGE_STANDARD = "gnu++14";
				CLANG_CXX_LIBRARY = "libc++";
				CLANG_ENABLE_MODULES = YES;
				CLANG_ENABLE_OBJC_ARC = YES;
				CLANG_ENABLE_OBJC_WEAK = YES;
				CLANG_WARN_BLOCK_CAPTURE_AUTORELEASING = YES;
				CLANG_WARN_BOOL_CONVERSION = YES;
				CLANG_WARN_COMMA = YES;
				CLANG_WARN_CONSTANT_CONVERSION = YES;
				CLANG_WARN_DEPRECATED_OBJC_IMPLEMENTATIONS = YES;
				CLANG_WARN_DIRECT_OBJC_ISA_USAGE = YES_ERROR;
				CLANG_WARN_DOCUMENTATION_COMMENTS = YES;
				CLANG_WARN_EMPTY_BODY = YES;
				CLANG_WARN_ENUM_CONVERSION = YES;
				CLANG_WARN_INFINITE_RECURSION = YES;
				CLANG_WARN_INT_CONVERSION = YES;
				CLANG_WARN_NON_LITERAL_NULL_CONVERSION = YES;
				CLANG_WARN_OBJC_IMPLICIT_RETAIN_SELF = YES;
				CLANG_WARN_OBJC_LITERAL_CONVERSION = YES;
				CLANG_WARN_OBJC_ROOT_CLASS = YES_ERROR;
				CLANG_WARN_QUOTED_INCLUDE_IN_FRAMEWORK_HEADER = YES;
				CLANG_WARN_RANGE_LOOP_ANALYSIS = YES;
				CLANG_WARN_STRICT_PROTOTYPES = YES;
				CLANG_WARN_SUSPICIOUS_MOVE = YES;
				CLANG_WARN_UNGUARDED_AVAILABILITY = YES_AGGRESSIVE;
				CLANG_WARN_UNREACHABLE_CODE = YES;
				CLANG_WARN__DUPLICATE_METHOD_MATCH = YES;
				COPY_PHASE_STRIP = NO;
				DEBUG_INFORMATION_FORMAT = dwarf;
				ENABLE_STRICT_OBJC_MSGSEND = YES;
				ENABLE_TESTABILITY = YES;
				GCC_C_LANGUAGE_STANDARD = gnu11;
				GCC_DYNAMIC_NO_PIC = NO;
				GCC_NO_COMMON_BLOCKS = YES;
				GCC_OPTIMIZATION_LEVEL = 0;
				GCC_PREPROCESSOR_DEFINITIONS = (
					"DEBUG=1",
					"$(inherited)",
				);
				GCC_WARN_64_TO_32_BIT_CONVERSION = YES;
				GCC_WARN_ABOUT_RETURN_TYPE = YES_ERROR;
				GCC_WARN_UNDECLARED_SELECTOR = YES;
				GCC_WARN_UNINITIALIZED_AUTOS = YES_AGGRESSIVE;
				GCC_WARN_UNUSED_FUNCTION = YES;
				GCC_WARN_UNUSED_VARIABLE = YES;
				IPHONEOS_DEPLOYMENT_TARGET = 14.5;
				MTL_ENABLE_DEBUG_INFO = INCLUDE_SOURCE;
				MTL_FAST_MATH = YES;
				ONLY_ACTIVE_ARCH = YES;
				SDKROOT = iphoneos;
				SWIFT_ACTIVE_COMPILATION_CONDITIONS = DEBUG;
				SWIFT_OPTIMIZATION_LEVEL = "-Onone";
			};
			name = Debug;
		};
		D358F4F226A1EDC200B7A977 /* Release */ = {
			isa = XCBuildConfiguration;
			buildSettings = {
				ALWAYS_SEARCH_USER_PATHS = NO;
				CLANG_ANALYZER_NONNULL = YES;
				CLANG_ANALYZER_NUMBER_OBJECT_CONVERSION = YES_AGGRESSIVE;
				CLANG_CXX_LANGUAGE_STANDARD = "gnu++14";
				CLANG_CXX_LIBRARY = "libc++";
				CLANG_ENABLE_MODULES = YES;
				CLANG_ENABLE_OBJC_ARC = YES;
				CLANG_ENABLE_OBJC_WEAK = YES;
				CLANG_WARN_BLOCK_CAPTURE_AUTORELEASING = YES;
				CLANG_WARN_BOOL_CONVERSION = YES;
				CLANG_WARN_COMMA = YES;
				CLANG_WARN_CONSTANT_CONVERSION = YES;
				CLANG_WARN_DEPRECATED_OBJC_IMPLEMENTATIONS = YES;
				CLANG_WARN_DIRECT_OBJC_ISA_USAGE = YES_ERROR;
				CLANG_WARN_DOCUMENTATION_COMMENTS = YES;
				CLANG_WARN_EMPTY_BODY = YES;
				CLANG_WARN_ENUM_CONVERSION = YES;
				CLANG_WARN_INFINITE_RECURSION = YES;
				CLANG_WARN_INT_CONVERSION = YES;
				CLANG_WARN_NON_LITERAL_NULL_CONVERSION = YES;
				CLANG_WARN_OBJC_IMPLICIT_RETAIN_SELF = YES;
				CLANG_WARN_OBJC_LITERAL_CONVERSION = YES;
				CLANG_WARN_OBJC_ROOT_CLASS = YES_ERROR;
				CLANG_WARN_QUOTED_INCLUDE_IN_FRAMEWORK_HEADER = YES;
				CLANG_WARN_RANGE_LOOP_ANALYSIS = YES;
				CLANG_WARN_STRICT_PROTOTYPES = YES;
				CLANG_WARN_SUSPICIOUS_MOVE = YES;
				CLANG_WARN_UNGUARDED_AVAILABILITY = YES_AGGRESSIVE;
				CLANG_WARN_UNREACHABLE_CODE = YES;
				CLANG_WARN__DUPLICATE_METHOD_MATCH = YES;
				COPY_PHASE_STRIP = NO;
				DEBUG_INFORMATION_FORMAT = "dwarf-with-dsym";
				ENABLE_NS_ASSERTIONS = NO;
				ENABLE_STRICT_OBJC_MSGSEND = YES;
				GCC_C_LANGUAGE_STANDARD = gnu11;
				GCC_NO_COMMON_BLOCKS = YES;
				GCC_WARN_64_TO_32_BIT_CONVERSION = YES;
				GCC_WARN_ABOUT_RETURN_TYPE = YES_ERROR;
				GCC_WARN_UNDECLARED_SELECTOR = YES;
				GCC_WARN_UNINITIALIZED_AUTOS = YES_AGGRESSIVE;
				GCC_WARN_UNUSED_FUNCTION = YES;
				GCC_WARN_UNUSED_VARIABLE = YES;
				IPHONEOS_DEPLOYMENT_TARGET = 14.5;
				MTL_ENABLE_DEBUG_INFO = NO;
				MTL_FAST_MATH = YES;
				SDKROOT = iphoneos;
				SWIFT_COMPILATION_MODE = wholemodule;
				SWIFT_OPTIMIZATION_LEVEL = "-O";
				VALIDATE_PRODUCT = YES;
			};
			name = Release;
		};
		D358F4F426A1EDC200B7A977 /* Debug */ = {
			isa = XCBuildConfiguration;
			baseConfigurationReference = 42E55323CE2B625845E3F913 /* Pods-Realm Lesson 7.debug.xcconfig */;
			buildSettings = {
				ASSETCATALOG_COMPILER_APPICON_NAME = AppIcon;
				ASSETCATALOG_COMPILER_GLOBAL_ACCENT_COLOR_NAME = AccentColor;
				CODE_SIGN_STYLE = Automatic;
				DEVELOPMENT_TEAM = 5LHF76Y88Y;
				INFOPLIST_FILE = "Realm Lesson 7/Native files/Info.plist";
				LD_RUNPATH_SEARCH_PATHS = (
					"$(inherited)",
					"@executable_path/Frameworks",
				);
				PRODUCT_BUNDLE_IDENTIFIER = "alexdneprin.Realm-Lesson-8";
				PRODUCT_NAME = "$(TARGET_NAME)";
				SWIFT_VERSION = 5.0;
				TARGETED_DEVICE_FAMILY = "1,2";
			};
			name = Debug;
		};
		D358F4F526A1EDC200B7A977 /* Release */ = {
			isa = XCBuildConfiguration;
			baseConfigurationReference = 9D20CCC4F86A1BD967CE145F /* Pods-Realm Lesson 7.release.xcconfig */;
			buildSettings = {
				ASSETCATALOG_COMPILER_APPICON_NAME = AppIcon;
				ASSETCATALOG_COMPILER_GLOBAL_ACCENT_COLOR_NAME = AccentColor;
				CODE_SIGN_STYLE = Automatic;
				DEVELOPMENT_TEAM = 5LHF76Y88Y;
				INFOPLIST_FILE = "Realm Lesson 7/Native files/Info.plist";
				LD_RUNPATH_SEARCH_PATHS = (
					"$(inherited)",
					"@executable_path/Frameworks",
				);
				PRODUCT_BUNDLE_IDENTIFIER = "alexdneprin.Realm-Lesson-8";
				PRODUCT_NAME = "$(TARGET_NAME)";
				SWIFT_VERSION = 5.0;
				TARGETED_DEVICE_FAMILY = "1,2";
			};
			name = Release;
		};
/* End XCBuildConfiguration section */

/* Begin XCConfigurationList section */
		D358F4DA26A1EDBF00B7A977 /* Build configuration list for PBXProject "Realm Lesson 7" */ = {
			isa = XCConfigurationList;
			buildConfigurations = (
				D358F4F126A1EDC200B7A977 /* Debug */,
				D358F4F226A1EDC200B7A977 /* Release */,
			);
			defaultConfigurationIsVisible = 0;
			defaultConfigurationName = Release;
		};
		D358F4F326A1EDC200B7A977 /* Build configuration list for PBXNativeTarget "Realm Lesson 7" */ = {
			isa = XCConfigurationList;
			buildConfigurations = (
				D358F4F426A1EDC200B7A977 /* Debug */,
				D358F4F526A1EDC200B7A977 /* Release */,
			);
			defaultConfigurationIsVisible = 0;
			defaultConfigurationName = Release;
		};
/* End XCConfigurationList section */
	};
	rootObject = D358F4D726A1EDBF00B7A977 /* Project object */;
}
