// !$*UTF8*$!
{
	archiveVersion = 1;
	classes = {
	};
	objectVersion = 50;
	objects = {

/* Begin PBXBuildFile section */
		1190BA3026BE88D900B23784 /* AppDelegate.swift in Sources */ = {isa = PBXBuildFile; fileRef = 1190BA2F26BE88D900B23784 /* AppDelegate.swift */; };
		1190BA3226BE88D900B23784 /* SceneDelegate.swift in Sources */ = {isa = PBXBuildFile; fileRef = 1190BA3126BE88D900B23784 /* SceneDelegate.swift */; };
		1190BA3426BE88D900B23784 /* ViewController.swift in Sources */ = {isa = PBXBuildFile; fileRef = 1190BA3326BE88D900B23784 /* ViewController.swift */; };
		1190BA3726BE88D900B23784 /* Main.storyboard in Resources */ = {isa = PBXBuildFile; fileRef = 1190BA3526BE88D900B23784 /* Main.storyboard */; };
		1190BA3926BE88DA00B23784 /* Assets.xcassets in Resources */ = {isa = PBXBuildFile; fileRef = 1190BA3826BE88DA00B23784 /* Assets.xcassets */; };
		1190BA3C26BE88DA00B23784 /* LaunchScreen.storyboard in Resources */ = {isa = PBXBuildFile; fileRef = 1190BA3A26BE88DA00B23784 /* LaunchScreen.storyboard */; };
		11CB076626BFC89900E9BAA6 /* CustomView.swift in Sources */ = {isa = PBXBuildFile; fileRef = 11CB076526BFC89900E9BAA6 /* CustomView.swift */; };
		11CB076826BFC8BD00E9BAA6 /* CustomView.xib in Resources */ = {isa = PBXBuildFile; fileRef = 11CB076726BFC8BD00E9BAA6 /* CustomView.xib */; };
/* End PBXBuildFile section */

/* Begin PBXFileReference section */
		1190BA2C26BE88D900B23784 /* MapKitTutorial.app */ = {isa = PBXFileReference; explicitFileType = wrapper.application; includeInIndex = 0; path = MapKitTutorial.app; sourceTree = BUILT_PRODUCTS_DIR; };
		1190BA2F26BE88D900B23784 /* AppDelegate.swift */ = {isa = PBXFileReference; lastKnownFileType = sourcecode.swift; path = AppDelegate.swift; sourceTree = "<group>"; };
		1190BA3126BE88D900B23784 /* SceneDelegate.swift */ = {isa = PBXFileReference; lastKnownFileType = sourcecode.swift; path = SceneDelegate.swift; sourceTree = "<group>"; };
		1190BA3326BE88D900B23784 /* ViewController.swift */ = {isa = PBXFileReference; lastKnownFileType = sourcecode.swift; path = ViewController.swift; sourceTree = "<group>"; };
		1190BA3626BE88D900B23784 /* Base */ = {isa = PBXFileReference; lastKnownFileType = file.storyboard; name = Base; path = Base.lproj/Main.storyboard; sourceTree = "<group>"; };
		1190BA3826BE88DA00B23784 /* Assets.xcassets */ = {isa = PBXFileReference; lastKnownFileType = folder.assetcatalog; path = Assets.xcassets; sourceTree = "<group>"; };
		1190BA3B26BE88DA00B23784 /* Base */ = {isa = PBXFileReference; lastKnownFileType = file.storyboard; name = Base; path = Base.lproj/LaunchScreen.storyboard; sourceTree = "<group>"; };
		1190BA3D26BE88DA00B23784 /* Info.plist */ = {isa = PBXFileReference; lastKnownFileType = text.plist.xml; path = Info.plist; sourceTree = "<group>"; };
		11CB076526BFC89900E9BAA6 /* CustomView.swift */ = {isa = PBXFileReference; lastKnownFileType = sourcecode.swift; path = CustomView.swift; sourceTree = "<group>"; };
		11CB076726BFC8BD00E9BAA6 /* CustomView.xib */ = {isa = PBXFileReference; lastKnownFileType = file.xib; path = CustomView.xib; sourceTree = "<group>"; };
/* End PBXFileReference section */

/* Begin PBXFrameworksBuildPhase section */
		1190BA2926BE88D900B23784 /* Frameworks */ = {
			isa = PBXFrameworksBuildPhase;
			buildActionMask = 2147483647;
			files = (
			);
			runOnlyForDeploymentPostprocessing = 0;
		};
/* End PBXFrameworksBuildPhase section */

/* Begin PBXGroup section */
		1190BA2326BE88D900B23784 = {
			isa = PBXGroup;
			children = (
				1190BA2E26BE88D900B23784 /* MapKitTutorial */,
				1190BA2D26BE88D900B23784 /* Products */,
			);
			sourceTree = "<group>";
		};
		1190BA2D26BE88D900B23784 /* Products */ = {
			isa = PBXGroup;
			children = (
				1190BA2C26BE88D900B23784 /* MapKitTutorial.app */,
			);
			name = Products;
			sourceTree = "<group>";
		};
		1190BA2E26BE88D900B23784 /* MapKitTutorial */ = {
			isa = PBXGroup;
			children = (
				11CB076426BFC86000E9BAA6 /* CustomView */,
				1190BA2F26BE88D900B23784 /* AppDelegate.swift */,
				1190BA3126BE88D900B23784 /* SceneDelegate.swift */,
				1190BA3326BE88D900B23784 /* ViewController.swift */,
				1190BA3526BE88D900B23784 /* Main.storyboard */,
				1190BA3826BE88DA00B23784 /* Assets.xcassets */,
				1190BA3A26BE88DA00B23784 /* LaunchScreen.storyboard */,
				1190BA3D26BE88DA00B23784 /* Info.plist */,
			);
			path = MapKitTutorial;
			sourceTree = "<group>";
		};
		11CB076426BFC86000E9BAA6 /* CustomView */ = {
			isa = PBXGroup;
			children = (
				11CB076526BFC89900E9BAA6 /* CustomView.swift */,
				11CB076726BFC8BD00E9BAA6 /* CustomView.xib */,
			);
			path = CustomView;
			sourceTree = "<group>";
		};
/* End PBXGroup section */

/* Begin PBXNativeTarget section */
		1190BA2B26BE88D900B23784 /* MapKitTutorial */ = {
			isa = PBXNativeTarget;
			buildConfigurationList = 1190BA4026BE88DA00B23784 /* Build configuration list for PBXNativeTarget "MapKitTutorial" */;
			buildPhases = (
				1190BA2826BE88D900B23784 /* Sources */,
				1190BA2926BE88D900B23784 /* Frameworks */,
				1190BA2A26BE88D900B23784 /* Resources */,
			);
			buildRules = (
			);
			dependencies = (
			);
			name = MapKitTutorial;
			productName = MapKitTutorial;
			productReference = 1190BA2C26BE88D900B23784 /* MapKitTutorial.app */;
			productType = "com.apple.product-type.application";
		};
/* End PBXNativeTarget section */

/* Begin PBXProject section */
		1190BA2426BE88D900B23784 /* Project object */ = {
			isa = PBXProject;
			attributes = {
				LastSwiftUpdateCheck = 1250;
				LastUpgradeCheck = 1250;
				TargetAttributes = {
					1190BA2B26BE88D900B23784 = {
						CreatedOnToolsVersion = 12.5.1;
					};
				};
			};
			buildConfigurationList = 1190BA2726BE88D900B23784 /* Build configuration list for PBXProject "MapKitTutorial" */;
			compatibilityVersion = "Xcode 9.3";
			developmentRegion = en;
			hasScannedForEncodings = 0;
			knownRegions = (
				en,
				Base,
			);
			mainGroup = 1190BA2326BE88D900B23784;
			productRefGroup = 1190BA2D26BE88D900B23784 /* Products */;
			projectDirPath = "";
			projectRoot = "";
			targets = (
				1190BA2B26BE88D900B23784 /* MapKitTutorial */,
			);
		};
/* End PBXProject section */

/* Begin PBXResourcesBuildPhase section */
		1190BA2A26BE88D900B23784 /* Resources */ = {
			isa = PBXResourcesBuildPhase;
			buildActionMask = 2147483647;
			files = (
				1190BA3C26BE88DA00B23784 /* LaunchScreen.storyboard in Resources */,
				11CB076826BFC8BD00E9BAA6 /* CustomView.xib in Resources */,
				1190BA3926BE88DA00B23784 /* Assets.xcassets in Resources */,
				1190BA3726BE88D900B23784 /* Main.storyboard in Resources */,
			);
			runOnlyForDeploymentPostprocessing = 0;
		};
/* End PBXResourcesBuildPhase section */

/* Begin PBXSourcesBuildPhase section */
		1190BA2826BE88D900B23784 /* Sources */ = {
			isa = PBXSourcesBuildPhase;
			buildActionMask = 2147483647;
			files = (
				1190BA3426BE88D900B23784 /* ViewController.swift in Sources */,
				11CB076626BFC89900E9BAA6 /* CustomView.swift in Sources */,
				1190BA3026BE88D900B23784 /* AppDelegate.swift in Sources */,
				1190BA3226BE88D900B23784 /* SceneDelegate.swift in Sources */,
			);
			runOnlyForDeploymentPostprocessing = 0;
		};
/* End PBXSourcesBuildPhase section */

/* Begin PBXVariantGroup section */
		1190BA3526BE88D900B23784 /* Main.storyboard */ = {
			isa = PBXVariantGroup;
			children = (
				1190BA3626BE88D900B23784 /* Base */,
			);
			name = Main.storyboard;
			sourceTree = "<group>";
		};
		1190BA3A26BE88DA00B23784 /* LaunchScreen.storyboard */ = {
			isa = PBXVariantGroup;
			children = (
				1190BA3B26BE88DA00B23784 /* Base */,
			);
			name = LaunchScreen.storyboard;
			sourceTree = "<group>";
		};
/* End PBXVariantGroup section */

/* Begin XCBuildConfiguration section */
		1190BA3E26BE88DA00B23784 /* Debug */ = {
			isa = XCBuildConfiguration;
			buildSettings = {
				ALWAYS_SEARCH_USER_PATHS = NO;
				CLANG_ANALYZER_NONNULL = YES;
				CLANG_ANALYZER_NUMBER_OBJECT_CONVERSION = YES_AGGRESSIVE;
				CLANG_CXX_LANGUAGE_STANDARD = "gnu++14";
				CLANG_CXX_LIBRARY = "libc++";
				CLANG_ENABLE_MODULES = YES;
				CLANG_ENABLE_OBJC_ARC = YES;
				CLANG_ENABLE_OBJC_WEAK = YES;
				CLANG_WARN_BLOCK_CAPTURE_AUTORELEASING = YES;
				CLANG_WARN_BOOL_CONVERSION = YES;
				CLANG_WARN_COMMA = YES;
				CLANG_WARN_CONSTANT_CONVERSION = YES;
				CLANG_WARN_DEPRECATED_OBJC_IMPLEMENTATIONS = YES;
				CLANG_WARN_DIRECT_OBJC_ISA_USAGE = YES_ERROR;
				CLANG_WARN_DOCUMENTATION_COMMENTS = YES;
				CLANG_WARN_EMPTY_BODY = YES;
				CLANG_WARN_ENUM_CONVERSION = YES;
				CLANG_WARN_INFINITE_RECURSION = YES;
				CLANG_WARN_INT_CONVERSION = YES;
				CLANG_WARN_NON_LITERAL_NULL_CONVERSION = YES;
				CLANG_WARN_OBJC_IMPLICIT_RETAIN_SELF = YES;
				CLANG_WARN_OBJC_LITERAL_CONVERSION = YES;
				CLANG_WARN_OBJC_ROOT_CLASS = YES_ERROR;
				CLANG_WARN_QUOTED_INCLUDE_IN_FRAMEWORK_HEADER = YES;
				CLANG_WARN_RANGE_LOOP_ANALYSIS = YES;
				CLANG_WARN_STRICT_PROTOTYPES = YES;
				CLANG_WARN_SUSPICIOUS_MOVE = YES;
				CLANG_WARN_UNGUARDED_AVAILABILITY = YES_AGGRESSIVE;
				CLANG_WARN_UNREACHABLE_CODE = YES;
				CLANG_WARN__DUPLICATE_METHOD_MATCH = YES;
				COPY_PHASE_STRIP = NO;
				DEBUG_INFORMATION_FORMAT = dwarf;
				ENABLE_STRICT_OBJC_MSGSEND = YES;
				ENABLE_TESTABILITY = YES;
				GCC_C_LANGUAGE_STANDARD = gnu11;
				GCC_DYNAMIC_NO_PIC = NO;
				GCC_NO_COMMON_BLOCKS = YES;
				GCC_OPTIMIZATION_LEVEL = 0;
				GCC_PREPROCESSOR_DEFINITIONS = (
					"DEBUG=1",
					"$(inherited)",
				);
				GCC_WARN_64_TO_32_BIT_CONVERSION = YES;
				GCC_WARN_ABOUT_RETURN_TYPE = YES_ERROR;
				GCC_WARN_UNDECLARED_SELECTOR = YES;
				GCC_WARN_UNINITIALIZED_AUTOS = YES_AGGRESSIVE;
				GCC_WARN_UNUSED_FUNCTION = YES;
				GCC_WARN_UNUSED_VARIABLE = YES;
				IPHONEOS_DEPLOYMENT_TARGET = 14.5;
				MTL_ENABLE_DEBUG_INFO = INCLUDE_SOURCE;
				MTL_FAST_MATH = YES;
				ONLY_ACTIVE_ARCH = YES;
				SDKROOT = iphoneos;
				SWIFT_ACTIVE_COMPILATION_CONDITIONS = DEBUG;
				SWIFT_OPTIMIZATION_LEVEL = "-Onone";
			};
			name = Debug;
		};
		1190BA3F26BE88DA00B23784 /* Release */ = {
			isa = XCBuildConfiguration;
			buildSettings = {
				ALWAYS_SEARCH_USER_PATHS = NO;
				CLANG_ANALYZER_NONNULL = YES;
				CLANG_ANALYZER_NUMBER_OBJECT_CONVERSION = YES_AGGRESSIVE;
				CLANG_CXX_LANGUAGE_STANDARD = "gnu++14";
				CLANG_CXX_LIBRARY = "libc++";
				CLANG_ENABLE_MODULES = YES;
				CLANG_ENABLE_OBJC_ARC = YES;
				CLANG_ENABLE_OBJC_WEAK = YES;
				CLANG_WARN_BLOCK_CAPTURE_AUTORELEASING = YES;
				CLANG_WARN_BOOL_CONVERSION = YES;
				CLANG_WARN_COMMA = YES;
				CLANG_WARN_CONSTANT_CONVERSION = YES;
				CLANG_WARN_DEPRECATED_OBJC_IMPLEMENTATIONS = YES;
				CLANG_WARN_DIRECT_OBJC_ISA_USAGE = YES_ERROR;
				CLANG_WARN_DOCUMENTATION_COMMENTS = YES;
				CLANG_WARN_EMPTY_BODY = YES;
				CLANG_WARN_ENUM_CONVERSION = YES;
				CLANG_WARN_INFINITE_RECURSION = YES;
				CLANG_WARN_INT_CONVERSION = YES;
				CLANG_WARN_NON_LITERAL_NULL_CONVERSION = YES;
				CLANG_WARN_OBJC_IMPLICIT_RETAIN_SELF = YES;
				CLANG_WARN_OBJC_LITERAL_CONVERSION = YES;
				CLANG_WARN_OBJC_ROOT_CLASS = YES_ERROR;
				CLANG_WARN_QUOTED_INCLUDE_IN_FRAMEWORK_HEADER = YES;
				CLANG_WARN_RANGE_LOOP_ANALYSIS = YES;
				CLANG_WARN_STRICT_PROTOTYPES = YES;
				CLANG_WARN_SUSPICIOUS_MOVE = YES;
				CLANG_WARN_UNGUARDED_AVAILABILITY = YES_AGGRESSIVE;
				CLANG_WARN_UNREACHABLE_CODE = YES;
				CLANG_WARN__DUPLICATE_METHOD_MATCH = YES;
				COPY_PHASE_STRIP = NO;
				DEBUG_INFORMATION_FORMAT = "dwarf-with-dsym";
				ENABLE_NS_ASSERTIONS = NO;
				ENABLE_STRICT_OBJC_MSGSEND = YES;
				GCC_C_LANGUAGE_STANDARD = gnu11;
				GCC_NO_COMMON_BLOCKS = YES;
				GCC_WARN_64_TO_32_BIT_CONVERSION = YES;
				GCC_WARN_ABOUT_RETURN_TYPE = YES_ERROR;
				GCC_WARN_UNDECLARED_SELECTOR = YES;
				GCC_WARN_UNINITIALIZED_AUTOS = YES_AGGRESSIVE;
				GCC_WARN_UNUSED_FUNCTION = YES;
				GCC_WARN_UNUSED_VARIABLE = YES;
				IPHONEOS_DEPLOYMENT_TARGET = 14.5;
				MTL_ENABLE_DEBUG_INFO = NO;
				MTL_FAST_MATH = YES;
				SDKROOT = iphoneos;
				SWIFT_COMPILATION_MODE = wholemodule;
				SWIFT_OPTIMIZATION_LEVEL = "-O";
				VALIDATE_PRODUCT = YES;
			};
			name = Release;
		};
		1190BA4126BE88DA00B23784 /* Debug */ = {
			isa = XCBuildConfiguration;
			buildSettings = {
				ASSETCATALOG_COMPILER_APPICON_NAME = AppIcon;
				ASSETCATALOG_COMPILER_GLOBAL_ACCENT_COLOR_NAME = AccentColor;
				CODE_SIGN_STYLE = Automatic;
				DEVELOPMENT_TEAM = 5LHF76Y88Y;
				INFOPLIST_FILE = MapKitTutorial/Info.plist;
				LD_RUNPATH_SEARCH_PATHS = (
					"$(inherited)",
					"@executable_path/Frameworks",
				);
				PRODUCT_BUNDLE_IDENTIFIER = alexdneprin.MapKitTutorial;
				PRODUCT_NAME = "$(TARGET_NAME)";
				SWIFT_VERSION = 5.0;
				TARGETED_DEVICE_FAMILY = "1,2";
			};
			name = Debug;
		};
		1190BA4226BE88DA00B23784 /* Release */ = {
			isa = XCBuildConfiguration;
			buildSettings = {
				ASSETCATALOG_COMPILER_APPICON_NAME = AppIcon;
				ASSETCATALOG_COMPILER_GLOBAL_ACCENT_COLOR_NAME = AccentColor;
				CODE_SIGN_STYLE = Automatic;
				DEVELOPMENT_TEAM = 5LHF76Y88Y;
				INFOPLIST_FILE = MapKitTutorial/Info.plist;
				LD_RUNPATH_SEARCH_PATHS = (
					"$(inherited)",
					"@executable_path/Frameworks",
				);
				PRODUCT_BUNDLE_IDENTIFIER = alexdneprin.MapKitTutorial;
				PRODUCT_NAME = "$(TARGET_NAME)";
				SWIFT_VERSION = 5.0;
				TARGETED_DEVICE_FAMILY = "1,2";
			};
			name = Release;
		};
/* End XCBuildConfiguration section */

/* Begin XCConfigurationList section */
		1190BA2726BE88D900B23784 /* Build configuration list for PBXProject "MapKitTutorial" */ = {
			isa = XCConfigurationList;
			buildConfigurations = (
				1190BA3E26BE88DA00B23784 /* Debug */,
				1190BA3F26BE88DA00B23784 /* Release */,
			);
			defaultConfigurationIsVisible = 0;
			defaultConfigurationName = Release;
		};
		1190BA4026BE88DA00B23784 /* Build configuration list for PBXNativeTarget "MapKitTutorial" */ = {
			isa = XCConfigurationList;
			buildConfigurations = (
				1190BA4126BE88DA00B23784 /* Debug */,
				1190BA4226BE88DA00B23784 /* Release */,
			);
			defaultConfigurationIsVisible = 0;
			defaultConfigurationName = Release;
		};
/* End XCConfigurationList section */
	};
	rootObject = 1190BA2426BE88D900B23784 /* Project object */;
}
